
Microsoft Visual Studio Solution File, Format Version 12.00
# Visual Studio 15
VisualStudioVersion = 15.0.28307.645
MinimumVisualStudioVersion = 10.0.40219.1
Project("{FAE04EC0-301F-11D3-BF4B-00C04F79EFBC}") = "hub_stefanini_1", "hub_stefanini_1\hub_stefanini_1.csproj", "{51AF839D-FB0E-4176-B9E7-702EDE491F8A}"
EndProject
Global
	GlobalSection(SolutionConfigurationPlatforms) = preSolution
		Debug|Any CPU = Debug|Any CPU
		Release|Any CPU = Release|Any CPU
	EndGlobalSection
	GlobalSection(ProjectConfigurationPlatforms) = postSolution
		{51AF839D-FB0E-4176-B9E7-702EDE491F8A}.Debug|Any CPU.ActiveCfg = Debug|Any CPU
		{51AF839D-FB0E-4176-B9E7-702EDE491F8A}.Debug|Any CPU.Build.0 = Debug|Any CPU
		{51AF839D-FB0E-4176-B9E7-702EDE491F8A}.Release|Any CPU.ActiveCfg = Release|Any CPU
		{51AF839D-FB0E-4176-B9E7-702EDE491F8A}.Release|Any CPU.Build.0 = Release|Any CPU
	EndGlobalSection
	GlobalSection(SolutionProperties) = preSolution
		HideSolutionNode = FALSE
	EndGlobalSection
	GlobalSection(ExtensibilityGlobals) = postSolution
		SolutionGuid = {A2617131-7C5F-401B-8752-DDE8CF20DE4D}
	EndGlobalSection
EndGlobal
